<?xml version="1.0" encoding="utf-8"?>
<Project ToolsVersion="4.0" xmlns="http://schemas.microsoft.com/developer/msbuild/2003">
  <ItemGroup>
    <ClCompile Include="main.cpp" />
    <ClCompile Include="..\..\..\imgui-docking\imgui_demo.cpp">
      <Filter>imgu</Filter>
    </ClCompile>
    <ClCompile Include="imgui_impl_dx12.cpp">
      <Filter>sources</Filter>
    </ClCompile>
    <ClCompile Include="imgui_impl_win32.cpp">
      <Filter>sources</Filter>
    </ClCompile>
    <ClCompile Include="imgui.cpp">
      <Filter>imgu</Filter>
    </ClCompile>
    <ClCompile Include="imgui_tables.cpp">
      <Filter>imgu</Filter>
    </ClCompile>
    <ClCompile Include="imgui_wingets.cpp">
      <Filter>imgu</Filter>
    </ClCompile>
    <ClCompile Include="imgui_draw.cpp">
      <Filter>imgu</Filter>
    </ClCompile>
  </ItemGroup>
  <ItemGroup>
    <None Include="..\README.txt" />
    <None Include="..\..\..\imgui-docking\misc\debuggers\imgui.natstepfilter">
      <Filter>imgu</Filter>
    </None>
  </ItemGroup>
  <ItemGroup>
    <Filter Include="imgu">
      <UniqueIdentifier>{593404ce-f693-4c9f-9839-86441bf3add8}</UniqueIdentifier>
    </Filter>
    <Filter Include="sources">
      <UniqueIdentifier>{ed888bc2-dad7-4964-b0d0-89d90fc582a1}</UniqueIdentifier>
    </Filter>
  </ItemGroup>
  <ItemGroup>
    <ClInclude Include="imgui.h">
      <Filter>imgu</Filter>
    </ClInclude>
    <ClInclude Include="imgui_impl_dx12.h">
      <Filter>sources</Filter>
    </ClInclude>
    <ClInclude Include="imgui_impl_win32.h">
      <Filter>sources</Filter>
    </ClInclude>
    <ClInclude Include="imconfig.h">
      <Filter>imgu</Filter>
    </ClInclude>
    <ClInclude Include="imgui_internal.h">
      <Filter>imgu</Filter>
    </ClInclude>
    <ClInclude Include="imstb_textedit.h">
      <Filter>imgu</Filter>
    </ClInclude>
    <ClInclude Include="imstb_rectpack.h">
      <Filter>imgu</Filter>
    </ClInclude>
    <ClInclude Include="imstb_truetype.h">
      <Filter>imgu</Filter>
    </ClInclude>
  </ItemGroup>
  <ItemGroup>
    <Natvis Include="..\..\..\imgui-docking\misc\debuggers\imgui.natvis">
      <Filter>imgu</Filter>
    </Natvis>
  </ItemGroup>
</Project>