
Microsoft Visual Studio Solution File, Format Version 12.00
# Visual Studio Version 17
VisualStudioVersion = 17.3.32825.248
MinimumVisualStudioVersion = 10.0.40219.1
Project("{8BC9CEB8-8B4A-11D0-8D11-00A0C91BC942}") = "Creditkarten", "Creditkarten\Creditkarten.vcxproj", "{0FB26BCB-D5B6-4043-9393-6AD4116914EE}"
EndProject
Project("{8BC9CEB8-8B4A-11D0-8D11-00A0C91BC942}") = "File system", "File system\File system.vcxproj", "{6A83963D-1F85-4F5B-85B9-61B29ADED2F6}"
EndProject
Project("{8BC9CEB8-8B4A-11D0-8D11-00A0C91BC942}") = "test", "test\test.vcxproj", "{6C3D34D5-EA6A-41EB-91AC-B61A07E26DE8}"
EndProject
Project("{8BC9CEB8-8B4A-11D0-8D11-00A0C91BC942}") = "Passwörterüberprüfung", "Passwörterüberprüfung\Passwörterüberprüfung.vcxproj", "{E89E793A-5122-4188-AC2B-C76557467AF0}"
EndProject
Project("{8BC9CEB8-8B4A-11D0-8D11-00A0C91BC942}") = "passund registration", "passund registration\passund registration.vcxproj", "{ABCF29D4-2FA4-4876-A16F-0DAA0B6390EA}"
EndProject
Project("{8BC9CEB8-8B4A-11D0-8D11-00A0C91BC942}") = "Cache orga", "Cache orga\Cache orga.vcxproj", "{D93F9508-0F3A-4D45-BB97-0D9286FBA51F}"
EndProject
Project("{8BC9CEB8-8B4A-11D0-8D11-00A0C91BC942}") = "Flapy bird", "Flapy bird\Flapy bird.vcxproj", "{B89B1025-285C-4E21-8C55-9C1830A08873}"
EndProject
Project("{8BC9CEB8-8B4A-11D0-8D11-00A0C91BC942}") = "tempp", "tempp\tempp.vcxproj", "{AFF34542-8BDA-4AB0-8198-07252210B754}"
EndProject
Project("{8BC9CEB8-8B4A-11D0-8D11-00A0C91BC942}") = "Tiktoctoe", "Tiktoctoe\Tiktoctoe.vcxproj", "{D9B3DA87-1A95-4D41-AA43-76C939F944F1}"
EndProject
Project("{8BC9CEB8-8B4A-11D0-8D11-00A0C91BC942}") = "t", "t\t.vcxproj", "{D669699D-9D10-4BA2-BAA6-9B0E17994633}"
EndProject
Project("{8BC9CEB8-8B4A-11D0-8D11-00A0C91BC942}") = "Tictatoe bot bot", "Tictatoe bot bot\Tictatoe bot bot.vcxproj", "{AC790496-E2B4-433A-B0BF-4089F5E80C6B}"
EndProject
Project("{8BC9CEB8-8B4A-11D0-8D11-00A0C91BC942}") = "Neuronal1", "Neuronal1\Neuronal1.vcxproj", "{8404880F-50EF-4548-AD26-D1A3542662BD}"
EndProject
Project("{8BC9CEB8-8B4A-11D0-8D11-00A0C91BC942}") = "Neuronal2", "Neuronal2\Neuronal2.vcxproj", "{2755D8A3-A4E8-4F98-9E1A-44F1BD410D8E}"
EndProject
Project("{8BC9CEB8-8B4A-11D0-8D11-00A0C91BC942}") = "Neuronal2.1", "Neuronal2.1\Neuronal2.1.vcxproj", "{91B09A4E-7607-4144-89CE-358F3832068E}"
EndProject
Project("{8BC9CEB8-8B4A-11D0-8D11-00A0C91BC942}") = "grafik", "grafik\grafik.vcxproj", "{7630274D-8E8B-44B4-8600-2F55DF15A3A5}"
EndProject
Project("{8BC9CEB8-8B4A-11D0-8D11-00A0C91BC942}") = "GUI", "..\..\imgui-docking\examples\example_win32_directx12\example_win32_directx12.vcxproj", "{B4CF9797-519D-4AFE-A8F4-5141A6B521D3}"
EndProject
Project("{8BC9CEB8-8B4A-11D0-8D11-00A0C91BC942}") = "GUI", "neuronal2g\neuronal2g.vcxproj", "{690F2A4A-DB83-4548-B34E-45C1702B9209}"
EndProject
Global
	GlobalSection(SolutionConfigurationPlatforms) = preSolution
		Debug|ARM = Debug|ARM
		Debug|ARM64 = Debug|ARM64
		Debug|x64 = Debug|x64
		Debug|x86 = Debug|x86
		Release|ARM = Release|ARM
		Release|ARM64 = Release|ARM64
		Release|x64 = Release|x64
		Release|x86 = Release|x86
	EndGlobalSection
	GlobalSection(ProjectConfigurationPlatforms) = postSolution
		{0FB26BCB-D5B6-4043-9393-6AD4116914EE}.Debug|ARM.ActiveCfg = Debug|x64
		{0FB26BCB-D5B6-4043-9393-6AD4116914EE}.Debug|ARM.Build.0 = Debug|x64
		{0FB26BCB-D5B6-4043-9393-6AD4116914EE}.Debug|ARM64.ActiveCfg = Debug|x64
		{0FB26BCB-D5B6-4043-9393-6AD4116914EE}.Debug|ARM64.Build.0 = Debug|x64
		{0FB26BCB-D5B6-4043-9393-6AD4116914EE}.Debug|x64.ActiveCfg = Debug|x64
		{0FB26BCB-D5B6-4043-9393-6AD4116914EE}.Debug|x64.Build.0 = Debug|x64
		{0FB26BCB-D5B6-4043-9393-6AD4116914EE}.Debug|x86.ActiveCfg = Debug|Win32
		{0FB26BCB-D5B6-4043-9393-6AD4116914EE}.Debug|x86.Build.0 = Debug|Win32
		{0FB26BCB-D5B6-4043-9393-6AD4116914EE}.Release|ARM.ActiveCfg = Release|x64
		{0FB26BCB-D5B6-4043-9393-6AD4116914EE}.Release|ARM.Build.0 = Release|x64
		{0FB26BCB-D5B6-4043-9393-6AD4116914EE}.Release|ARM64.ActiveCfg = Release|x64
		{0FB26BCB-D5B6-4043-9393-6AD4116914EE}.Release|ARM64.Build.0 = Release|x64
		{0FB26BCB-D5B6-4043-9393-6AD4116914EE}.Release|x64.ActiveCfg = Release|x64
		{0FB26BCB-D5B6-4043-9393-6AD4116914EE}.Release|x64.Build.0 = Release|x64
		{0FB26BCB-D5B6-4043-9393-6AD4116914EE}.Release|x86.ActiveCfg = Release|Win32
		{0FB26BCB-D5B6-4043-9393-6AD4116914EE}.Release|x86.Build.0 = Release|Win32
		{6A83963D-1F85-4F5B-85B9-61B29ADED2F6}.Debug|ARM.ActiveCfg = Debug|x64
		{6A83963D-1F85-4F5B-85B9-61B29ADED2F6}.Debug|ARM.Build.0 = Debug|x64
		{6A83963D-1F85-4F5B-85B9-61B29ADED2F6}.Debug|ARM64.ActiveCfg = Debug|x64
		{6A83963D-1F85-4F5B-85B9-61B29ADED2F6}.Debug|ARM64.Build.0 = Debug|x64
		{6A83963D-1F85-4F5B-85B9-61B29ADED2F6}.Debug|x64.ActiveCfg = Debug|x64
		{6A83963D-1F85-4F5B-85B9-61B29ADED2F6}.Debug|x64.Build.0 = Debug|x64
		{6A83963D-1F85-4F5B-85B9-61B29ADED2F6}.Debug|x86.ActiveCfg = Debug|Win32
		{6A83963D-1F85-4F5B-85B9-61B29ADED2F6}.Debug|x86.Build.0 = Debug|Win32
		{6A83963D-1F85-4F5B-85B9-61B29ADED2F6}.Release|ARM.ActiveCfg = Release|x64
		{6A83963D-1F85-4F5B-85B9-61B29ADED2F6}.Release|ARM.Build.0 = Release|x64
		{6A83963D-1F85-4F5B-85B9-61B29ADED2F6}.Release|ARM64.ActiveCfg = Release|x64
		{6A83963D-1F85-4F5B-85B9-61B29ADED2F6}.Release|ARM64.Build.0 = Release|x64
		{6A83963D-1F85-4F5B-85B9-61B29ADED2F6}.Release|x64.ActiveCfg = Release|x64
		{6A83963D-1F85-4F5B-85B9-61B29ADED2F6}.Release|x64.Build.0 = Release|x64
		{6A83963D-1F85-4F5B-85B9-61B29ADED2F6}.Release|x86.ActiveCfg = Release|Win32
		{6A83963D-1F85-4F5B-85B9-61B29ADED2F6}.Release|x86.Build.0 = Release|Win32
		{6C3D34D5-EA6A-41EB-91AC-B61A07E26DE8}.Debug|ARM.ActiveCfg = Debug|x64
		{6C3D34D5-EA6A-41EB-91AC-B61A07E26DE8}.Debug|ARM.Build.0 = Debug|x64
		{6C3D34D5-EA6A-41EB-91AC-B61A07E26DE8}.Debug|ARM64.ActiveCfg = Debug|x64
		{6C3D34D5-EA6A-41EB-91AC-B61A07E26DE8}.Debug|ARM64.Build.0 = Debug|x64
		{6C3D34D5-EA6A-41EB-91AC-B61A07E26DE8}.Debug|x64.ActiveCfg = Debug|x64
		{6C3D34D5-EA6A-41EB-91AC-B61A07E26DE8}.Debug|x64.Build.0 = Debug|x64
		{6C3D34D5-EA6A-41EB-91AC-B61A07E26DE8}.Debug|x86.ActiveCfg = Debug|Win32
		{6C3D34D5-EA6A-41EB-91AC-B61A07E26DE8}.Debug|x86.Build.0 = Debug|Win32
		{6C3D34D5-EA6A-41EB-91AC-B61A07E26DE8}.Release|ARM.ActiveCfg = Release|x64
		{6C3D34D5-EA6A-41EB-91AC-B61A07E26DE8}.Release|ARM.Build.0 = Release|x64
		{6C3D34D5-EA6A-41EB-91AC-B61A07E26DE8}.Release|ARM64.ActiveCfg = Release|x64
		{6C3D34D5-EA6A-41EB-91AC-B61A07E26DE8}.Release|ARM64.Build.0 = Release|x64
		{6C3D34D5-EA6A-41EB-91AC-B61A07E26DE8}.Release|x64.ActiveCfg = Release|x64
		{6C3D34D5-EA6A-41EB-91AC-B61A07E26DE8}.Release|x64.Build.0 = Release|x64
		{6C3D34D5-EA6A-41EB-91AC-B61A07E26DE8}.Release|x86.ActiveCfg = Release|Win32
		{6C3D34D5-EA6A-41EB-91AC-B61A07E26DE8}.Release|x86.Build.0 = Release|Win32
		{E89E793A-5122-4188-AC2B-C76557467AF0}.Debug|ARM.ActiveCfg = Debug|x64
		{E89E793A-5122-4188-AC2B-C76557467AF0}.Debug|ARM.Build.0 = Debug|x64
		{E89E793A-5122-4188-AC2B-C76557467AF0}.Debug|ARM64.ActiveCfg = Debug|x64
		{E89E793A-5122-4188-AC2B-C76557467AF0}.Debug|ARM64.Build.0 = Debug|x64
		{E89E793A-5122-4188-AC2B-C76557467AF0}.Debug|x64.ActiveCfg = Debug|x64
		{E89E793A-5122-4188-AC2B-C76557467AF0}.Debug|x64.Build.0 = Debug|x64
		{E89E793A-5122-4188-AC2B-C76557467AF0}.Debug|x86.ActiveCfg = Debug|Win32
		{E89E793A-5122-4188-AC2B-C76557467AF0}.Debug|x86.Build.0 = Debug|Win32
		{E89E793A-5122-4188-AC2B-C76557467AF0}.Release|ARM.ActiveCfg = Release|x64
		{E89E793A-5122-4188-AC2B-C76557467AF0}.Release|ARM.Build.0 = Release|x64
		{E89E793A-5122-4188-AC2B-C76557467AF0}.Release|ARM64.ActiveCfg = Release|x64
		{E89E793A-5122-4188-AC2B-C76557467AF0}.Release|ARM64.Build.0 = Release|x64
		{E89E793A-5122-4188-AC2B-C76557467AF0}.Release|x64.ActiveCfg = Release|x64
		{E89E793A-5122-4188-AC2B-C76557467AF0}.Release|x64.Build.0 = Release|x64
		{E89E793A-5122-4188-AC2B-C76557467AF0}.Release|x86.ActiveCfg = Release|Win32
		{E89E793A-5122-4188-AC2B-C76557467AF0}.Release|x86.Build.0 = Release|Win32
		{ABCF29D4-2FA4-4876-A16F-0DAA0B6390EA}.Debug|ARM.ActiveCfg = Debug|x64
		{ABCF29D4-2FA4-4876-A16F-0DAA0B6390EA}.Debug|ARM.Build.0 = Debug|x64
		{ABCF29D4-2FA4-4876-A16F-0DAA0B6390EA}.Debug|ARM64.ActiveCfg = Debug|x64
		{ABCF29D4-2FA4-4876-A16F-0DAA0B6390EA}.Debug|ARM64.Build.0 = Debug|x64
		{ABCF29D4-2FA4-4876-A16F-0DAA0B6390EA}.Debug|x64.ActiveCfg = Debug|x64
		{ABCF29D4-2FA4-4876-A16F-0DAA0B6390EA}.Debug|x64.Build.0 = Debug|x64
		{ABCF29D4-2FA4-4876-A16F-0DAA0B6390EA}.Debug|x86.ActiveCfg = Debug|Win32
		{ABCF29D4-2FA4-4876-A16F-0DAA0B6390EA}.Debug|x86.Build.0 = Debug|Win32
		{ABCF29D4-2FA4-4876-A16F-0DAA0B6390EA}.Release|ARM.ActiveCfg = Release|x64
		{ABCF29D4-2FA4-4876-A16F-0DAA0B6390EA}.Release|ARM.Build.0 = Release|x64
		{ABCF29D4-2FA4-4876-A16F-0DAA0B6390EA}.Release|ARM64.ActiveCfg = Release|x64
		{ABCF29D4-2FA4-4876-A16F-0DAA0B6390EA}.Release|ARM64.Build.0 = Release|x64
		{ABCF29D4-2FA4-4876-A16F-0DAA0B6390EA}.Release|x64.ActiveCfg = Release|x64
		{ABCF29D4-2FA4-4876-A16F-0DAA0B6390EA}.Release|x64.Build.0 = Release|x64
		{ABCF29D4-2FA4-4876-A16F-0DAA0B6390EA}.Release|x86.ActiveCfg = Release|Win32
		{ABCF29D4-2FA4-4876-A16F-0DAA0B6390EA}.Release|x86.Build.0 = Release|Win32
		{D93F9508-0F3A-4D45-BB97-0D9286FBA51F}.Debug|ARM.ActiveCfg = Debug|x64
		{D93F9508-0F3A-4D45-BB97-0D9286FBA51F}.Debug|ARM.Build.0 = Debug|x64
		{D93F9508-0F3A-4D45-BB97-0D9286FBA51F}.Debug|ARM64.ActiveCfg = Debug|x64
		{D93F9508-0F3A-4D45-BB97-0D9286FBA51F}.Debug|ARM64.Build.0 = Debug|x64
		{D93F9508-0F3A-4D45-BB97-0D9286FBA51F}.Debug|x64.ActiveCfg = Debug|x64
		{D93F9508-0F3A-4D45-BB97-0D9286FBA51F}.Debug|x64.Build.0 = Debug|x64
		{D93F9508-0F3A-4D45-BB97-0D9286FBA51F}.Debug|x86.ActiveCfg = Debug|Win32
		{D93F9508-0F3A-4D45-BB97-0D9286FBA51F}.Debug|x86.Build.0 = Debug|Win32
		{D93F9508-0F3A-4D45-BB97-0D9286FBA51F}.Release|ARM.ActiveCfg = Release|x64
		{D93F9508-0F3A-4D45-BB97-0D9286FBA51F}.Release|ARM.Build.0 = Release|x64
		{D93F9508-0F3A-4D45-BB97-0D9286FBA51F}.Release|ARM64.ActiveCfg = Release|x64
		{D93F9508-0F3A-4D45-BB97-0D9286FBA51F}.Release|ARM64.Build.0 = Release|x64
		{D93F9508-0F3A-4D45-BB97-0D9286FBA51F}.Release|x64.ActiveCfg = Release|x64
		{D93F9508-0F3A-4D45-BB97-0D9286FBA51F}.Release|x64.Build.0 = Release|x64
		{D93F9508-0F3A-4D45-BB97-0D9286FBA51F}.Release|x86.ActiveCfg = Release|Win32
		{D93F9508-0F3A-4D45-BB97-0D9286FBA51F}.Release|x86.Build.0 = Release|Win32
		{B89B1025-285C-4E21-8C55-9C1830A08873}.Debug|ARM.ActiveCfg = Debug|x64
		{B89B1025-285C-4E21-8C55-9C1830A08873}.Debug|ARM.Build.0 = Debug|x64
		{B89B1025-285C-4E21-8C55-9C1830A08873}.Debug|ARM64.ActiveCfg = Debug|x64
		{B89B1025-285C-4E21-8C55-9C1830A08873}.Debug|ARM64.Build.0 = Debug|x64
		{B89B1025-285C-4E21-8C55-9C1830A08873}.Debug|x64.ActiveCfg = Debug|x64
		{B89B1025-285C-4E21-8C55-9C1830A08873}.Debug|x64.Build.0 = Debug|x64
		{B89B1025-285C-4E21-8C55-9C1830A08873}.Debug|x86.ActiveCfg = Debug|Win32
		{B89B1025-285C-4E21-8C55-9C1830A08873}.Debug|x86.Build.0 = Debug|Win32
		{B89B1025-285C-4E21-8C55-9C1830A08873}.Release|ARM.ActiveCfg = Release|x64
		{B89B1025-285C-4E21-8C55-9C1830A08873}.Release|ARM.Build.0 = Release|x64
		{B89B1025-285C-4E21-8C55-9C1830A08873}.Release|ARM64.ActiveCfg = Release|x64
		{B89B1025-285C-4E21-8C55-9C1830A08873}.Release|ARM64.Build.0 = Release|x64
		{B89B1025-285C-4E21-8C55-9C1830A08873}.Release|x64.ActiveCfg = Release|x64
		{B89B1025-285C-4E21-8C55-9C1830A08873}.Release|x64.Build.0 = Release|x64
		{B89B1025-285C-4E21-8C55-9C1830A08873}.Release|x86.ActiveCfg = Release|Win32
		{B89B1025-285C-4E21-8C55-9C1830A08873}.Release|x86.Build.0 = Release|Win32
		{AFF34542-8BDA-4AB0-8198-07252210B754}.Debug|ARM.ActiveCfg = Debug|x64
		{AFF34542-8BDA-4AB0-8198-07252210B754}.Debug|ARM.Build.0 = Debug|x64
		{AFF34542-8BDA-4AB0-8198-07252210B754}.Debug|ARM64.ActiveCfg = Debug|x64
		{AFF34542-8BDA-4AB0-8198-07252210B754}.Debug|ARM64.Build.0 = Debug|x64
		{AFF34542-8BDA-4AB0-8198-07252210B754}.Debug|x64.ActiveCfg = Debug|x64
		{AFF34542-8BDA-4AB0-8198-07252210B754}.Debug|x64.Build.0 = Debug|x64
		{AFF34542-8BDA-4AB0-8198-07252210B754}.Debug|x86.ActiveCfg = Debug|Win32
		{AFF34542-8BDA-4AB0-8198-07252210B754}.Debug|x86.Build.0 = Debug|Win32
		{AFF34542-8BDA-4AB0-8198-07252210B754}.Release|ARM.ActiveCfg = Release|x64
		{AFF34542-8BDA-4AB0-8198-07252210B754}.Release|ARM.Build.0 = Release|x64
		{AFF34542-8BDA-4AB0-8198-07252210B754}.Release|ARM64.ActiveCfg = Release|x64
		{AFF34542-8BDA-4AB0-8198-07252210B754}.Release|ARM64.Build.0 = Release|x64
		{AFF34542-8BDA-4AB0-8198-07252210B754}.Release|x64.ActiveCfg = Release|x64
		{AFF34542-8BDA-4AB0-8198-07252210B754}.Release|x64.Build.0 = Release|x64
		{AFF34542-8BDA-4AB0-8198-07252210B754}.Release|x86.ActiveCfg = Release|Win32
		{AFF34542-8BDA-4AB0-8198-07252210B754}.Release|x86.Build.0 = Release|Win32
		{D9B3DA87-1A95-4D41-AA43-76C939F944F1}.Debug|ARM.ActiveCfg = Debug|x64
		{D9B3DA87-1A95-4D41-AA43-76C939F944F1}.Debug|ARM.Build.0 = Debug|x64
		{D9B3DA87-1A95-4D41-AA43-76C939F944F1}.Debug|ARM64.ActiveCfg = Debug|x64
		{D9B3DA87-1A95-4D41-AA43-76C939F944F1}.Debug|ARM64.Build.0 = Debug|x64
		{D9B3DA87-1A95-4D41-AA43-76C939F944F1}.Debug|x64.ActiveCfg = Debug|x64
		{D9B3DA87-1A95-4D41-AA43-76C939F944F1}.Debug|x64.Build.0 = Debug|x64
		{D9B3DA87-1A95-4D41-AA43-76C939F944F1}.Debug|x86.ActiveCfg = Debug|Win32
		{D9B3DA87-1A95-4D41-AA43-76C939F944F1}.Debug|x86.Build.0 = Debug|Win32
		{D9B3DA87-1A95-4D41-AA43-76C939F944F1}.Release|ARM.ActiveCfg = Release|x64
		{D9B3DA87-1A95-4D41-AA43-76C939F944F1}.Release|ARM.Build.0 = Release|x64
		{D9B3DA87-1A95-4D41-AA43-76C939F944F1}.Release|ARM64.ActiveCfg = Release|x64
		{D9B3DA87-1A95-4D41-AA43-76C939F944F1}.Release|ARM64.Build.0 = Release|x64
		{D9B3DA87-1A95-4D41-AA43-76C939F944F1}.Release|x64.ActiveCfg = Release|x64
		{D9B3DA87-1A95-4D41-AA43-76C939F944F1}.Release|x64.Build.0 = Release|x64
		{D9B3DA87-1A95-4D41-AA43-76C939F944F1}.Release|x86.ActiveCfg = Release|Win32
		{D9B3DA87-1A95-4D41-AA43-76C939F944F1}.Release|x86.Build.0 = Release|Win32
		{D669699D-9D10-4BA2-BAA6-9B0E17994633}.Debug|ARM.ActiveCfg = Debug|x64
		{D669699D-9D10-4BA2-BAA6-9B0E17994633}.Debug|ARM.Build.0 = Debug|x64
		{D669699D-9D10-4BA2-BAA6-9B0E17994633}.Debug|ARM64.ActiveCfg = Debug|x64
		{D669699D-9D10-4BA2-BAA6-9B0E17994633}.Debug|ARM64.Build.0 = Debug|x64
		{D669699D-9D10-4BA2-BAA6-9B0E17994633}.Debug|x64.ActiveCfg = Debug|x64
		{D669699D-9D10-4BA2-BAA6-9B0E17994633}.Debug|x64.Build.0 = Debug|x64
		{D669699D-9D10-4BA2-BAA6-9B0E17994633}.Debug|x86.ActiveCfg = Debug|Win32
		{D669699D-9D10-4BA2-BAA6-9B0E17994633}.Debug|x86.Build.0 = Debug|Win32
		{D669699D-9D10-4BA2-BAA6-9B0E17994633}.Release|ARM.ActiveCfg = Release|x64
		{D669699D-9D10-4BA2-BAA6-9B0E17994633}.Release|ARM.Build.0 = Release|x64
		{D669699D-9D10-4BA2-BAA6-9B0E17994633}.Release|ARM64.ActiveCfg = Release|x64
		{D669699D-9D10-4BA2-BAA6-9B0E17994633}.Release|ARM64.Build.0 = Release|x64
		{D669699D-9D10-4BA2-BAA6-9B0E17994633}.Release|x64.ActiveCfg = Release|x64
		{D669699D-9D10-4BA2-BAA6-9B0E17994633}.Release|x64.Build.0 = Release|x64
		{D669699D-9D10-4BA2-BAA6-9B0E17994633}.Release|x86.ActiveCfg = Release|Win32
		{D669699D-9D10-4BA2-BAA6-9B0E17994633}.Release|x86.Build.0 = Release|Win32
		{AC790496-E2B4-433A-B0BF-4089F5E80C6B}.Debug|ARM.ActiveCfg = Debug|x64
		{AC790496-E2B4-433A-B0BF-4089F5E80C6B}.Debug|ARM.Build.0 = Debug|x64
		{AC790496-E2B4-433A-B0BF-4089F5E80C6B}.Debug|ARM64.ActiveCfg = Debug|x64
		{AC790496-E2B4-433A-B0BF-4089F5E80C6B}.Debug|ARM64.Build.0 = Debug|x64
		{AC790496-E2B4-433A-B0BF-4089F5E80C6B}.Debug|x64.ActiveCfg = Debug|x64
		{AC790496-E2B4-433A-B0BF-4089F5E80C6B}.Debug|x64.Build.0 = Debug|x64
		{AC790496-E2B4-433A-B0BF-4089F5E80C6B}.Debug|x86.ActiveCfg = Debug|Win32
		{AC790496-E2B4-433A-B0BF-4089F5E80C6B}.Debug|x86.Build.0 = Debug|Win32
		{AC790496-E2B4-433A-B0BF-4089F5E80C6B}.Release|ARM.ActiveCfg = Release|x64
		{AC790496-E2B4-433A-B0BF-4089F5E80C6B}.Release|ARM.Build.0 = Release|x64
		{AC790496-E2B4-433A-B0BF-4089F5E80C6B}.Release|ARM64.ActiveCfg = Release|x64
		{AC790496-E2B4-433A-B0BF-4089F5E80C6B}.Release|ARM64.Build.0 = Release|x64
		{AC790496-E2B4-433A-B0BF-4089F5E80C6B}.Release|x64.ActiveCfg = Release|x64
		{AC790496-E2B4-433A-B0BF-4089F5E80C6B}.Release|x64.Build.0 = Release|x64
		{AC790496-E2B4-433A-B0BF-4089F5E80C6B}.Release|x86.ActiveCfg = Release|Win32
		{AC790496-E2B4-433A-B0BF-4089F5E80C6B}.Release|x86.Build.0 = Release|Win32
		{8404880F-50EF-4548-AD26-D1A3542662BD}.Debug|ARM.ActiveCfg = Debug|x64
		{8404880F-50EF-4548-AD26-D1A3542662BD}.Debug|ARM.Build.0 = Debug|x64
		{8404880F-50EF-4548-AD26-D1A3542662BD}.Debug|ARM64.ActiveCfg = Debug|x64
		{8404880F-50EF-4548-AD26-D1A3542662BD}.Debug|ARM64.Build.0 = Debug|x64
		{8404880F-50EF-4548-AD26-D1A3542662BD}.Debug|x64.ActiveCfg = Debug|x64
		{8404880F-50EF-4548-AD26-D1A3542662BD}.Debug|x64.Build.0 = Debug|x64
		{8404880F-50EF-4548-AD26-D1A3542662BD}.Debug|x86.ActiveCfg = Debug|Win32
		{8404880F-50EF-4548-AD26-D1A3542662BD}.Debug|x86.Build.0 = Debug|Win32
		{8404880F-50EF-4548-AD26-D1A3542662BD}.Release|ARM.ActiveCfg = Release|x64
		{8404880F-50EF-4548-AD26-D1A3542662BD}.Release|ARM.Build.0 = Release|x64
		{8404880F-50EF-4548-AD26-D1A3542662BD}.Release|ARM64.ActiveCfg = Release|x64
		{8404880F-50EF-4548-AD26-D1A3542662BD}.Release|ARM64.Build.0 = Release|x64
		{8404880F-50EF-4548-AD26-D1A3542662BD}.Release|x64.ActiveCfg = Release|x64
		{8404880F-50EF-4548-AD26-D1A3542662BD}.Release|x64.Build.0 = Release|x64
		{8404880F-50EF-4548-AD26-D1A3542662BD}.Release|x86.ActiveCfg = Release|Win32
		{8404880F-50EF-4548-AD26-D1A3542662BD}.Release|x86.Build.0 = Release|Win32
		{2755D8A3-A4E8-4F98-9E1A-44F1BD410D8E}.Debug|ARM.ActiveCfg = Debug|x64
		{2755D8A3-A4E8-4F98-9E1A-44F1BD410D8E}.Debug|ARM.Build.0 = Debug|x64
		{2755D8A3-A4E8-4F98-9E1A-44F1BD410D8E}.Debug|ARM64.ActiveCfg = Debug|x64
		{2755D8A3-A4E8-4F98-9E1A-44F1BD410D8E}.Debug|ARM64.Build.0 = Debug|x64
		{2755D8A3-A4E8-4F98-9E1A-44F1BD410D8E}.Debug|x64.ActiveCfg = Debug|x64
		{2755D8A3-A4E8-4F98-9E1A-44F1BD410D8E}.Debug|x64.Build.0 = Debug|x64
		{2755D8A3-A4E8-4F98-9E1A-44F1BD410D8E}.Debug|x86.ActiveCfg = Debug|Win32
		{2755D8A3-A4E8-4F98-9E1A-44F1BD410D8E}.Debug|x86.Build.0 = Debug|Win32
		{2755D8A3-A4E8-4F98-9E1A-44F1BD410D8E}.Release|ARM.ActiveCfg = Release|x64
		{2755D8A3-A4E8-4F98-9E1A-44F1BD410D8E}.Release|ARM.Build.0 = Release|x64
		{2755D8A3-A4E8-4F98-9E1A-44F1BD410D8E}.Release|ARM64.ActiveCfg = Release|x64
		{2755D8A3-A4E8-4F98-9E1A-44F1BD410D8E}.Release|ARM64.Build.0 = Release|x64
		{2755D8A3-A4E8-4F98-9E1A-44F1BD410D8E}.Release|x64.ActiveCfg = Release|x64
		{2755D8A3-A4E8-4F98-9E1A-44F1BD410D8E}.Release|x64.Build.0 = Release|x64
		{2755D8A3-A4E8-4F98-9E1A-44F1BD410D8E}.Release|x86.ActiveCfg = Release|Win32
		{2755D8A3-A4E8-4F98-9E1A-44F1BD410D8E}.Release|x86.Build.0 = Release|Win32
		{91B09A4E-7607-4144-89CE-358F3832068E}.Debug|ARM.ActiveCfg = Debug|x64
		{91B09A4E-7607-4144-89CE-358F3832068E}.Debug|ARM.Build.0 = Debug|x64
		{91B09A4E-7607-4144-89CE-358F3832068E}.Debug|ARM64.ActiveCfg = Debug|x64
		{91B09A4E-7607-4144-89CE-358F3832068E}.Debug|ARM64.Build.0 = Debug|x64
		{91B09A4E-7607-4144-89CE-358F3832068E}.Debug|x64.ActiveCfg = Debug|x64
		{91B09A4E-7607-4144-89CE-358F3832068E}.Debug|x64.Build.0 = Debug|x64
		{91B09A4E-7607-4144-89CE-358F3832068E}.Debug|x86.ActiveCfg = Debug|Win32
		{91B09A4E-7607-4144-89CE-358F3832068E}.Debug|x86.Build.0 = Debug|Win32
		{91B09A4E-7607-4144-89CE-358F3832068E}.Release|ARM.ActiveCfg = Release|x64
		{91B09A4E-7607-4144-89CE-358F3832068E}.Release|ARM.Build.0 = Release|x64
		{91B09A4E-7607-4144-89CE-358F3832068E}.Release|ARM64.ActiveCfg = Release|x64
		{91B09A4E-7607-4144-89CE-358F3832068E}.Release|ARM64.Build.0 = Release|x64
		{91B09A4E-7607-4144-89CE-358F3832068E}.Release|x64.ActiveCfg = Release|x64
		{91B09A4E-7607-4144-89CE-358F3832068E}.Release|x64.Build.0 = Release|x64
		{91B09A4E-7607-4144-89CE-358F3832068E}.Release|x86.ActiveCfg = Release|Win32
		{91B09A4E-7607-4144-89CE-358F3832068E}.Release|x86.Build.0 = Release|Win32
		{7630274D-8E8B-44B4-8600-2F55DF15A3A5}.Debug|ARM.ActiveCfg = Debug|x64
		{7630274D-8E8B-44B4-8600-2F55DF15A3A5}.Debug|ARM.Build.0 = Debug|x64
		{7630274D-8E8B-44B4-8600-2F55DF15A3A5}.Debug|ARM64.ActiveCfg = Debug|x64
		{7630274D-8E8B-44B4-8600-2F55DF15A3A5}.Debug|ARM64.Build.0 = Debug|x64
		{7630274D-8E8B-44B4-8600-2F55DF15A3A5}.Debug|x64.ActiveCfg = Debug|x64
		{7630274D-8E8B-44B4-8600-2F55DF15A3A5}.Debug|x64.Build.0 = Debug|x64
		{7630274D-8E8B-44B4-8600-2F55DF15A3A5}.Debug|x86.ActiveCfg = Debug|Win32
		{7630274D-8E8B-44B4-8600-2F55DF15A3A5}.Debug|x86.Build.0 = Debug|Win32
		{7630274D-8E8B-44B4-8600-2F55DF15A3A5}.Release|ARM.ActiveCfg = Release|x64
		{7630274D-8E8B-44B4-8600-2F55DF15A3A5}.Release|ARM.Build.0 = Release|x64
		{7630274D-8E8B-44B4-8600-2F55DF15A3A5}.Release|ARM64.ActiveCfg = Release|x64
		{7630274D-8E8B-44B4-8600-2F55DF15A3A5}.Release|ARM64.Build.0 = Release|x64
		{7630274D-8E8B-44B4-8600-2F55DF15A3A5}.Release|x64.ActiveCfg = Release|x64
		{7630274D-8E8B-44B4-8600-2F55DF15A3A5}.Release|x64.Build.0 = Release|x64
		{7630274D-8E8B-44B4-8600-2F55DF15A3A5}.Release|x86.ActiveCfg = Release|Win32
		{7630274D-8E8B-44B4-8600-2F55DF15A3A5}.Release|x86.Build.0 = Release|Win32
		{B4CF9797-519D-4AFE-A8F4-5141A6B521D3}.Debug|ARM.ActiveCfg = Debug|x64
		{B4CF9797-519D-4AFE-A8F4-5141A6B521D3}.Debug|ARM.Build.0 = Debug|x64
		{B4CF9797-519D-4AFE-A8F4-5141A6B521D3}.Debug|ARM64.ActiveCfg = Debug|x64
		{B4CF9797-519D-4AFE-A8F4-5141A6B521D3}.Debug|ARM64.Build.0 = Debug|x64
		{B4CF9797-519D-4AFE-A8F4-5141A6B521D3}.Debug|x64.ActiveCfg = Debug|x64
		{B4CF9797-519D-4AFE-A8F4-5141A6B521D3}.Debug|x64.Build.0 = Debug|x64
		{B4CF9797-519D-4AFE-A8F4-5141A6B521D3}.Debug|x86.ActiveCfg = Debug|Win32
		{B4CF9797-519D-4AFE-A8F4-5141A6B521D3}.Debug|x86.Build.0 = Debug|Win32
		{B4CF9797-519D-4AFE-A8F4-5141A6B521D3}.Release|ARM.ActiveCfg = Release|x64
		{B4CF9797-519D-4AFE-A8F4-5141A6B521D3}.Release|ARM.Build.0 = Release|x64
		{B4CF9797-519D-4AFE-A8F4-5141A6B521D3}.Release|ARM64.ActiveCfg = Release|x64
		{B4CF9797-519D-4AFE-A8F4-5141A6B521D3}.Release|ARM64.Build.0 = Release|x64
		{B4CF9797-519D-4AFE-A8F4-5141A6B521D3}.Release|x64.ActiveCfg = Release|x64
		{B4CF9797-519D-4AFE-A8F4-5141A6B521D3}.Release|x64.Build.0 = Release|x64
		{B4CF9797-519D-4AFE-A8F4-5141A6B521D3}.Release|x86.ActiveCfg = Release|Win32
		{B4CF9797-519D-4AFE-A8F4-5141A6B521D3}.Release|x86.Build.0 = Release|Win32
		{690F2A4A-DB83-4548-B34E-45C1702B9209}.Debug|ARM.ActiveCfg = Debug|x64
		{690F2A4A-DB83-4548-B34E-45C1702B9209}.Debug|ARM.Build.0 = Debug|x64
		{690F2A4A-DB83-4548-B34E-45C1702B9209}.Debug|ARM64.ActiveCfg = Debug|x64
		{690F2A4A-DB83-4548-B34E-45C1702B9209}.Debug|ARM64.Build.0 = Debug|x64
		{690F2A4A-DB83-4548-B34E-45C1702B9209}.Debug|x64.ActiveCfg = Debug|x64
		{690F2A4A-DB83-4548-B34E-45C1702B9209}.Debug|x64.Build.0 = Debug|x64
		{690F2A4A-DB83-4548-B34E-45C1702B9209}.Debug|x86.ActiveCfg = Debug|Win32
		{690F2A4A-DB83-4548-B34E-45C1702B9209}.Debug|x86.Build.0 = Debug|Win32
		{690F2A4A-DB83-4548-B34E-45C1702B9209}.Release|ARM.ActiveCfg = Release|x64
		{690F2A4A-DB83-4548-B34E-45C1702B9209}.Release|ARM.Build.0 = Release|x64
		{690F2A4A-DB83-4548-B34E-45C1702B9209}.Release|ARM64.ActiveCfg = Release|x64
		{690F2A4A-DB83-4548-B34E-45C1702B9209}.Release|ARM64.Build.0 = Release|x64
		{690F2A4A-DB83-4548-B34E-45C1702B9209}.Release|x64.ActiveCfg = Release|x64
		{690F2A4A-DB83-4548-B34E-45C1702B9209}.Release|x64.Build.0 = Release|x64
		{690F2A4A-DB83-4548-B34E-45C1702B9209}.Release|x86.ActiveCfg = Release|Win32
		{690F2A4A-DB83-4548-B34E-45C1702B9209}.Release|x86.Build.0 = Release|Win32
	EndGlobalSection
	GlobalSection(SolutionProperties) = preSolution
		HideSolutionNode = FALSE
	EndGlobalSection
	GlobalSection(ExtensibilityGlobals) = postSolution
		SolutionGuid = {B1CDA7C3-CE55-4487-9723-D0EB6AFEBF35}
	EndGlobalSection
EndGlobal
