
Microsoft Visual Studio Solution File, Format Version 12.00
# Visual Studio Version 17
VisualStudioVersion = 17.3.32825.248
MinimumVisualStudioVersion = 10.0.40219.1
Project("{8BC9CEB8-8B4A-11D0-8D11-00A0C91BC942}") = "Neuronal1", "Neuronal1\Neuronal1.vcxproj", "{8404880F-50EF-4548-AD26-D1A3542662BD}"
EndProject
Project("{8BC9CEB8-8B4A-11D0-8D11-00A0C91BC942}") = "Neuronal2", "Neuronal2\Neuronal2.vcxproj", "{2755D8A3-A4E8-4F98-9E1A-44F1BD410D8E}"
EndProject
Project("{8BC9CEB8-8B4A-11D0-8D11-00A0C91BC942}") = "Neuronal2.1", "Neuronal2.1\Neuronal2.1.vcxproj", "{91B09A4E-7607-4144-89CE-358F3832068E}"
EndProject
Project("{8BC9CEB8-8B4A-11D0-8D11-00A0C91BC942}") = "neuronal2g", "neuronal2g\neuronal2g.vcxproj", "{690F2A4A-DB83-4548-B34E-45C1702B9209}"
EndProject
Project("{8BC9CEB8-8B4A-11D0-8D11-00A0C91BC942}") = "Neuronal2.2", "Neuronal2.2\Neuronal2.2.vcxproj", "{E2DE874B-239C-4797-A26E-D0E48C400174}"
EndProject
Project("{8BC9CEB8-8B4A-11D0-8D11-00A0C91BC942}") = "Q Learning", "Q Learning\Q Learning.vcxproj", "{EA348796-7DF4-484F-A8FF-20AD6F805E6B}"
EndProject
Global
	GlobalSection(SolutionConfigurationPlatforms) = preSolution
		Debug|ARM = Debug|ARM
		Debug|ARM64 = Debug|ARM64
		Debug|x64 = Debug|x64
		Debug|x86 = Debug|x86
		Release|ARM = Release|ARM
		Release|ARM64 = Release|ARM64
		Release|x64 = Release|x64
		Release|x86 = Release|x86
	EndGlobalSection
	GlobalSection(ProjectConfigurationPlatforms) = postSolution
		{8404880F-50EF-4548-AD26-D1A3542662BD}.Debug|ARM.ActiveCfg = Debug|x64
		{8404880F-50EF-4548-AD26-D1A3542662BD}.Debug|ARM.Build.0 = Debug|x64
		{8404880F-50EF-4548-AD26-D1A3542662BD}.Debug|ARM64.ActiveCfg = Debug|x64
		{8404880F-50EF-4548-AD26-D1A3542662BD}.Debug|ARM64.Build.0 = Debug|x64
		{8404880F-50EF-4548-AD26-D1A3542662BD}.Debug|x64.ActiveCfg = Debug|x64
		{8404880F-50EF-4548-AD26-D1A3542662BD}.Debug|x64.Build.0 = Debug|x64
		{8404880F-50EF-4548-AD26-D1A3542662BD}.Debug|x86.ActiveCfg = Debug|Win32
		{8404880F-50EF-4548-AD26-D1A3542662BD}.Debug|x86.Build.0 = Debug|Win32
		{8404880F-50EF-4548-AD26-D1A3542662BD}.Release|ARM.ActiveCfg = Release|x64
		{8404880F-50EF-4548-AD26-D1A3542662BD}.Release|ARM.Build.0 = Release|x64
		{8404880F-50EF-4548-AD26-D1A3542662BD}.Release|ARM64.ActiveCfg = Release|x64
		{8404880F-50EF-4548-AD26-D1A3542662BD}.Release|ARM64.Build.0 = Release|x64
		{8404880F-50EF-4548-AD26-D1A3542662BD}.Release|x64.ActiveCfg = Release|x64
		{8404880F-50EF-4548-AD26-D1A3542662BD}.Release|x64.Build.0 = Release|x64
		{8404880F-50EF-4548-AD26-D1A3542662BD}.Release|x86.ActiveCfg = Release|Win32
		{8404880F-50EF-4548-AD26-D1A3542662BD}.Release|x86.Build.0 = Release|Win32
		{2755D8A3-A4E8-4F98-9E1A-44F1BD410D8E}.Debug|ARM.ActiveCfg = Debug|x64
		{2755D8A3-A4E8-4F98-9E1A-44F1BD410D8E}.Debug|ARM.Build.0 = Debug|x64
		{2755D8A3-A4E8-4F98-9E1A-44F1BD410D8E}.Debug|ARM64.ActiveCfg = Debug|x64
		{2755D8A3-A4E8-4F98-9E1A-44F1BD410D8E}.Debug|ARM64.Build.0 = Debug|x64
		{2755D8A3-A4E8-4F98-9E1A-44F1BD410D8E}.Debug|x64.ActiveCfg = Debug|x64
		{2755D8A3-A4E8-4F98-9E1A-44F1BD410D8E}.Debug|x64.Build.0 = Debug|x64
		{2755D8A3-A4E8-4F98-9E1A-44F1BD410D8E}.Debug|x86.ActiveCfg = Debug|Win32
		{2755D8A3-A4E8-4F98-9E1A-44F1BD410D8E}.Debug|x86.Build.0 = Debug|Win32
		{2755D8A3-A4E8-4F98-9E1A-44F1BD410D8E}.Release|ARM.ActiveCfg = Release|x64
		{2755D8A3-A4E8-4F98-9E1A-44F1BD410D8E}.Release|ARM.Build.0 = Release|x64
		{2755D8A3-A4E8-4F98-9E1A-44F1BD410D8E}.Release|ARM64.ActiveCfg = Release|x64
		{2755D8A3-A4E8-4F98-9E1A-44F1BD410D8E}.Release|ARM64.Build.0 = Release|x64
		{2755D8A3-A4E8-4F98-9E1A-44F1BD410D8E}.Release|x64.ActiveCfg = Release|x64
		{2755D8A3-A4E8-4F98-9E1A-44F1BD410D8E}.Release|x64.Build.0 = Release|x64
		{2755D8A3-A4E8-4F98-9E1A-44F1BD410D8E}.Release|x86.ActiveCfg = Release|Win32
		{2755D8A3-A4E8-4F98-9E1A-44F1BD410D8E}.Release|x86.Build.0 = Release|Win32
		{91B09A4E-7607-4144-89CE-358F3832068E}.Debug|ARM.ActiveCfg = Debug|x64
		{91B09A4E-7607-4144-89CE-358F3832068E}.Debug|ARM.Build.0 = Debug|x64
		{91B09A4E-7607-4144-89CE-358F3832068E}.Debug|ARM64.ActiveCfg = Debug|x64
		{91B09A4E-7607-4144-89CE-358F3832068E}.Debug|ARM64.Build.0 = Debug|x64
		{91B09A4E-7607-4144-89CE-358F3832068E}.Debug|x64.ActiveCfg = Debug|x64
		{91B09A4E-7607-4144-89CE-358F3832068E}.Debug|x64.Build.0 = Debug|x64
		{91B09A4E-7607-4144-89CE-358F3832068E}.Debug|x86.ActiveCfg = Debug|Win32
		{91B09A4E-7607-4144-89CE-358F3832068E}.Debug|x86.Build.0 = Debug|Win32
		{91B09A4E-7607-4144-89CE-358F3832068E}.Release|ARM.ActiveCfg = Release|x64
		{91B09A4E-7607-4144-89CE-358F3832068E}.Release|ARM.Build.0 = Release|x64
		{91B09A4E-7607-4144-89CE-358F3832068E}.Release|ARM64.ActiveCfg = Release|x64
		{91B09A4E-7607-4144-89CE-358F3832068E}.Release|ARM64.Build.0 = Release|x64
		{91B09A4E-7607-4144-89CE-358F3832068E}.Release|x64.ActiveCfg = Release|x64
		{91B09A4E-7607-4144-89CE-358F3832068E}.Release|x64.Build.0 = Release|x64
		{91B09A4E-7607-4144-89CE-358F3832068E}.Release|x86.ActiveCfg = Release|Win32
		{91B09A4E-7607-4144-89CE-358F3832068E}.Release|x86.Build.0 = Release|Win32
		{690F2A4A-DB83-4548-B34E-45C1702B9209}.Debug|ARM.ActiveCfg = Debug|x64
		{690F2A4A-DB83-4548-B34E-45C1702B9209}.Debug|ARM.Build.0 = Debug|x64
		{690F2A4A-DB83-4548-B34E-45C1702B9209}.Debug|ARM64.ActiveCfg = Debug|x64
		{690F2A4A-DB83-4548-B34E-45C1702B9209}.Debug|ARM64.Build.0 = Debug|x64
		{690F2A4A-DB83-4548-B34E-45C1702B9209}.Debug|x64.ActiveCfg = Debug|x64
		{690F2A4A-DB83-4548-B34E-45C1702B9209}.Debug|x64.Build.0 = Debug|x64
		{690F2A4A-DB83-4548-B34E-45C1702B9209}.Debug|x86.ActiveCfg = Debug|Win32
		{690F2A4A-DB83-4548-B34E-45C1702B9209}.Debug|x86.Build.0 = Debug|Win32
		{690F2A4A-DB83-4548-B34E-45C1702B9209}.Release|ARM.ActiveCfg = Release|x64
		{690F2A4A-DB83-4548-B34E-45C1702B9209}.Release|ARM.Build.0 = Release|x64
		{690F2A4A-DB83-4548-B34E-45C1702B9209}.Release|ARM64.ActiveCfg = Release|x64
		{690F2A4A-DB83-4548-B34E-45C1702B9209}.Release|ARM64.Build.0 = Release|x64
		{690F2A4A-DB83-4548-B34E-45C1702B9209}.Release|x64.ActiveCfg = Release|x64
		{690F2A4A-DB83-4548-B34E-45C1702B9209}.Release|x64.Build.0 = Release|x64
		{690F2A4A-DB83-4548-B34E-45C1702B9209}.Release|x86.ActiveCfg = Release|Win32
		{690F2A4A-DB83-4548-B34E-45C1702B9209}.Release|x86.Build.0 = Release|Win32
		{E2DE874B-239C-4797-A26E-D0E48C400174}.Debug|ARM.ActiveCfg = Debug|x64
		{E2DE874B-239C-4797-A26E-D0E48C400174}.Debug|ARM.Build.0 = Debug|x64
		{E2DE874B-239C-4797-A26E-D0E48C400174}.Debug|ARM64.ActiveCfg = Debug|x64
		{E2DE874B-239C-4797-A26E-D0E48C400174}.Debug|ARM64.Build.0 = Debug|x64
		{E2DE874B-239C-4797-A26E-D0E48C400174}.Debug|x64.ActiveCfg = Debug|x64
		{E2DE874B-239C-4797-A26E-D0E48C400174}.Debug|x64.Build.0 = Debug|x64
		{E2DE874B-239C-4797-A26E-D0E48C400174}.Debug|x86.ActiveCfg = Debug|Win32
		{E2DE874B-239C-4797-A26E-D0E48C400174}.Debug|x86.Build.0 = Debug|Win32
		{E2DE874B-239C-4797-A26E-D0E48C400174}.Release|ARM.ActiveCfg = Release|x64
		{E2DE874B-239C-4797-A26E-D0E48C400174}.Release|ARM.Build.0 = Release|x64
		{E2DE874B-239C-4797-A26E-D0E48C400174}.Release|ARM64.ActiveCfg = Release|x64
		{E2DE874B-239C-4797-A26E-D0E48C400174}.Release|ARM64.Build.0 = Release|x64
		{E2DE874B-239C-4797-A26E-D0E48C400174}.Release|x64.ActiveCfg = Release|x64
		{E2DE874B-239C-4797-A26E-D0E48C400174}.Release|x64.Build.0 = Release|x64
		{E2DE874B-239C-4797-A26E-D0E48C400174}.Release|x86.ActiveCfg = Release|Win32
		{E2DE874B-239C-4797-A26E-D0E48C400174}.Release|x86.Build.0 = Release|Win32
		{EA348796-7DF4-484F-A8FF-20AD6F805E6B}.Debug|ARM.ActiveCfg = Debug|x64
		{EA348796-7DF4-484F-A8FF-20AD6F805E6B}.Debug|ARM.Build.0 = Debug|x64
		{EA348796-7DF4-484F-A8FF-20AD6F805E6B}.Debug|ARM64.ActiveCfg = Debug|x64
		{EA348796-7DF4-484F-A8FF-20AD6F805E6B}.Debug|ARM64.Build.0 = Debug|x64
		{EA348796-7DF4-484F-A8FF-20AD6F805E6B}.Debug|x64.ActiveCfg = Debug|x64
		{EA348796-7DF4-484F-A8FF-20AD6F805E6B}.Debug|x64.Build.0 = Debug|x64
		{EA348796-7DF4-484F-A8FF-20AD6F805E6B}.Debug|x86.ActiveCfg = Debug|Win32
		{EA348796-7DF4-484F-A8FF-20AD6F805E6B}.Debug|x86.Build.0 = Debug|Win32
		{EA348796-7DF4-484F-A8FF-20AD6F805E6B}.Release|ARM.ActiveCfg = Release|x64
		{EA348796-7DF4-484F-A8FF-20AD6F805E6B}.Release|ARM.Build.0 = Release|x64
		{EA348796-7DF4-484F-A8FF-20AD6F805E6B}.Release|ARM64.ActiveCfg = Release|x64
		{EA348796-7DF4-484F-A8FF-20AD6F805E6B}.Release|ARM64.Build.0 = Release|x64
		{EA348796-7DF4-484F-A8FF-20AD6F805E6B}.Release|x64.ActiveCfg = Release|x64
		{EA348796-7DF4-484F-A8FF-20AD6F805E6B}.Release|x64.Build.0 = Release|x64
		{EA348796-7DF4-484F-A8FF-20AD6F805E6B}.Release|x86.ActiveCfg = Release|Win32
		{EA348796-7DF4-484F-A8FF-20AD6F805E6B}.Release|x86.Build.0 = Release|Win32
	EndGlobalSection
	GlobalSection(SolutionProperties) = preSolution
		HideSolutionNode = FALSE
	EndGlobalSection
	GlobalSection(ExtensibilityGlobals) = postSolution
		SolutionGuid = {B1CDA7C3-CE55-4487-9723-D0EB6AFEBF35}
	EndGlobalSection
EndGlobal
